
Microsoft Visual Studio Solution File, Format Version 12.00
# Visual Studio 2012
Project("{FAE04EC0-301F-11D3-BF4B-00C04F79EFBC}") = "RegexRules", "RegexRules\RegexRules.csproj", "{AACBB6DD-1F3B-426A-B71C-DA9260C01EFA}"
EndProject
Global
	GlobalSection(SolutionConfigurationPlatforms) = preSolution
		Debug|Any CPU = Debug|Any CPU
		Release|Any CPU = Release|Any CPU
	EndGlobalSection
	GlobalSection(ProjectConfigurationPlatforms) = postSolution
		{AACBB6DD-1F3B-426A-B71C-DA9260C01EFA}.Debug|Any CPU.ActiveCfg = Debug|Any CPU
		{AACBB6DD-1F3B-426A-B71C-DA9260C01EFA}.Debug|Any CPU.Build.0 = Debug|Any CPU
		{AACBB6DD-1F3B-426A-B71C-DA9260C01EFA}.Release|Any CPU.ActiveCfg = Release|Any CPU
		{AACBB6DD-1F3B-426A-B71C-DA9260C01EFA}.Release|Any CPU.Build.0 = Release|Any CPU
	EndGlobalSection
	GlobalSection(SolutionProperties) = preSolution
		HideSolutionNode = FALSE
	EndGlobalSection
EndGlobal
